// !$*UTF8*$!
{
	archiveVersion = 1;
	classes = {
	};
	objectVersion = 46;
	objects = {

/* Begin PBXBuildFile section */
		29BCE5C61D3DC665003B9ABB /* AppDelegate.swift in Sources */ = {isa = PBXBuildFile; fileRef = 29BCE5C51D3DC665003B9ABB /* AppDelegate.swift */; };
		29BCE5C81D3DC665003B9ABB /* ViewController.swift in Sources */ = {isa = PBXBuildFile; fileRef = 29BCE5C71D3DC665003B9ABB /* ViewController.swift */; };
		29BCE5CB1D3DC665003B9ABB /* Main.storyboard in Resources */ = {isa = PBXBuildFile; fileRef = 29BCE5C91D3DC665003B9ABB /* Main.storyboard */; };
		29BCE5CD1D3DC665003B9ABB /* Assets.xcassets in Resources */ = {isa = PBXBuildFile; fileRef = 29BCE5CC1D3DC665003B9ABB /* Assets.xcassets */; };
		29BCE5D01D3DC665003B9ABB /* LaunchScreen.storyboard in Resources */ = {isa = PBXBuildFile; fileRef = 29BCE5CE1D3DC665003B9ABB /* LaunchScreen.storyboard */; };
/* End PBXBuildFile section */

/* Begin PBXFileReference section */
		29BCE5C21D3DC665003B9ABB /* SocialGlue.app */ = {isa = PBXFileReference; explicitFileType = wrapper.application; includeInIndex = 0; path = SocialGlue.app; sourceTree = BUILT_PRODUCTS_DIR; };
		29BCE5C51D3DC665003B9ABB /* AppDelegate.swift */ = {isa = PBXFileReference; lastKnownFileType = sourcecode.swift; path = AppDelegate.swift; sourceTree = "<group>"; };
		29BCE5C71D3DC665003B9ABB /* ViewController.swift */ = {isa = PBXFileReference; lastKnownFileType = sourcecode.swift; path = ViewController.swift; sourceTree = "<group>"; };
		29BCE5CA1D3DC665003B9ABB /* Base */ = {isa = PBXFileReference; lastKnownFileType = file.storyboard; name = Base; path = Base.lproj/Main.storyboard; sourceTree = "<group>"; };
		29BCE5CC1D3DC665003B9ABB /* Assets.xcassets */ = {isa = PBXFileReference; lastKnownFileType = folder.assetcatalog; path = Assets.xcassets; sourceTree = "<group>"; };
		29BCE5CF1D3DC665003B9ABB /* Base */ = {isa = PBXFileReference; lastKnownFileType = file.storyboard; name = Base; path = Base.lproj/LaunchScreen.storyboard; sourceTree = "<group>"; };
		29BCE5D11D3DC665003B9ABB /* Info.plist */ = {isa = PBXFileReference; lastKnownFileType = text.plist.xml; path = Info.plist; sourceTree = "<group>"; };
/* End PBXFileReference section */

/* Begin PBXFrameworksBuildPhase section */
		29BCE5BF1D3DC665003B9ABB /* Frameworks */ = {
			isa = PBXFrameworksBuildPhase;
			buildActionMask = 2147483647;
			files = (
			);
			runOnlyForDeploymentPostprocessing = 0;
		};
/* End PBXFrameworksBuildPhase section */

/* Begin PBXGroup section */
		29BCE5B91D3DC665003B9ABB = {
			isa = PBXGroup;
			children = (
				29BCE5C41D3DC665003B9ABB /* SocialGlue */,
				29BCE5C31D3DC665003B9ABB /* Products */,
			);
			sourceTree = "<group>";
		};
		29BCE5C31D3DC665003B9ABB /* Products */ = {
			isa = PBXGroup;
			children = (
				29BCE5C21D3DC665003B9ABB /* SocialGlue.app */,
			);
			name = Products;
			sourceTree = "<group>";
		};
		29BCE5C41D3DC665003B9ABB /* SocialGlue */ = {
			isa = PBXGroup;
			children = (
				29BCE5C51D3DC665003B9ABB /* AppDelegate.swift */,
				29BCE5C71D3DC665003B9ABB /* ViewController.swift */,
				29BCE5C91D3DC665003B9ABB /* Main.storyboard */,
				29BCE5CC1D3DC665003B9ABB /* Assets.xcassets */,
				29BCE5CE1D3DC665003B9ABB /* LaunchScreen.storyboard */,
				29BCE5D11D3DC665003B9ABB /* Info.plist */,
			);
			path = SocialGlue;
			sourceTree = "<group>";
		};
/* End PBXGroup section */

/* Begin PBXNativeTarget section */
		29BCE5C11D3DC665003B9ABB /* SocialGlue */ = {
			isa = PBXNativeTarget;
			buildConfigurationList = 29BCE5D41D3DC665003B9ABB /* Build configuration list for PBXNativeTarget "SocialGlue" */;
			buildPhases = (
				29BCE5BE1D3DC665003B9ABB /* Sources */,
				29BCE5BF1D3DC665003B9ABB /* Frameworks */,
				29BCE5C01D3DC665003B9ABB /* Resources */,
			);
			buildRules = (
			);
			dependencies = (
			);
			name = SocialGlue;
			productName = SocialGlue;
			productReference = 29BCE5C21D3DC665003B9ABB /* SocialGlue.app */;
			productType = "com.apple.product-type.application";
		};
/* End PBXNativeTarget section */

/* Begin PBXProject section */
		29BCE5BA1D3DC665003B9ABB /* Project object */ = {
			isa = PBXProject;
			attributes = {
				LastSwiftUpdateCheck = 0730;
				LastUpgradeCheck = 0730;
				ORGANIZATIONNAME = "Jeff Yardley";
				TargetAttributes = {
					29BCE5C11D3DC665003B9ABB = {
						CreatedOnToolsVersion = 7.3.1;
					};
				};
			};
			buildConfigurationList = 29BCE5BD1D3DC665003B9ABB /* Build configuration list for PBXProject "SocialGlue" */;
			compatibilityVersion = "Xcode 3.2";
			developmentRegion = English;
			hasScannedForEncodings = 0;
			knownRegions = (
				en,
				Base,
			);
			mainGroup = 29BCE5B91D3DC665003B9ABB;
			productRefGroup = 29BCE5C31D3DC665003B9ABB /* Products */;
			projectDirPath = "";
			projectRoot = "";
			targets = (
				29BCE5C11D3DC665003B9ABB /* SocialGlue */,
			);
		};
/* End PBXProject section */

/* Begin PBXResourcesBuildPhase section */
		29BCE5C01D3DC665003B9ABB /* Resources */ = {
			isa = PBXResourcesBuildPhase;
			buildActionMask = 2147483647;
			files = (
				29BCE5D01D3DC665003B9ABB /* LaunchScreen.storyboard in Resources */,
				29BCE5CD1D3DC665003B9ABB /* Assets.xcassets in Resources */,
				29BCE5CB1D3DC665003B9ABB /* Main.storyboard in Resources */,
			);
			runOnlyForDeploymentPostprocessing = 0;
		};
/* End PBXResourcesBuildPhase section */

/* Begin PBXSourcesBuildPhase section */
		29BCE5BE1D3DC665003B9ABB /* Sources */ = {
			isa = PBXSourcesBuildPhase;
			buildActionMask = 2147483647;
			files = (
				29BCE5C81D3DC665003B9ABB /* ViewController.swift in Sources */,
				29BCE5C61D3DC665003B9ABB /* AppDelegate.swift in Sources */,
			);
			runOnlyForDeploymentPostprocessing = 0;
		};
/* End PBXSourcesBuildPhase section */

/* Begin PBXVariantGroup section */
		29BCE5C91D3DC665003B9ABB /* Main.storyboard */ = {
			isa = PBXVariantGroup;
			children = (
				29BCE5CA1D3DC665003B9ABB /* Base */,
			);
			name = Main.storyboard;
			sourceTree = "<group>";
		};
		29BCE5CE1D3DC665003B9ABB /* LaunchScreen.storyboard */ = {
			isa = PBXVariantGroup;
			children = (
				29BCE5CF1D3DC665003B9ABB /* Base */,
			);
			name = LaunchScreen.storyboard;
			sourceTree = "<group>";
		};
/* End PBXVariantGroup section */

/* Begin XCBuildConfiguration section */
		29BCE5D21D3DC665003B9ABB /* Debug */ = {
			isa = XCBuildConfiguration;
			buildSettings = {
				ALWAYS_SEARCH_USER_PATHS = NO;
				CLANG_ANALYZER_NONNULL = YES;
				CLANG_CXX_LANGUAGE_STANDARD = "gnu++0x";
				CLANG_CXX_LIBRARY = "libc++";
				CLANG_ENABLE_MODULES = YES;
				CLANG_ENABLE_OBJC_ARC = YES;
				CLANG_WARN_BOOL_CONVERSION = YES;
				CLANG_WARN_CONSTANT_CONVERSION = YES;
				CLANG_WARN_DIRECT_OBJC_ISA_USAGE = YES_ERROR;
				CLANG_WARN_EMPTY_BODY = YES;
				CLANG_WARN_ENUM_CONVERSION = YES;
				CLANG_WARN_INT_CONVERSION = YES;
				CLANG_WARN_OBJC_ROOT_CLASS = YES_ERROR;
				CLANG_WARN_UNREACHABLE_CODE = YES;
				CLANG_WARN__DUPLICATE_METHOD_MATCH = YES;
				"CODE_SIGN_IDENTITY[sdk=iphoneos*]" = "iPhone Developer";
				COPY_PHASE_STRIP = NO;
				DEBUG_INFORMATION_FORMAT = dwarf;
				ENABLE_STRICT_OBJC_MSGSEND = YES;
				ENABLE_TESTABILITY = YES;
				GCC_C_LANGUAGE_STANDARD = gnu99;
				GCC_DYNAMIC_NO_PIC = NO;
				GCC_NO_COMMON_BLOCKS = YES;
				GCC_OPTIMIZATION_LEVEL = 0;
				GCC_PREPROCESSOR_DEFINITIONS = (
					"DEBUG=1",
					"$(inherited)",
				);
				GCC_WARN_64_TO_32_BIT_CONVERSION = YES;
				GCC_WARN_ABOUT_RETURN_TYPE = YES_ERROR;
				GCC_WARN_UNDECLARED_SELECTOR = YES;
				GCC_WARN_UNINITIALIZED_AUTOS = YES_AGGRESSIVE;
				GCC_WARN_UNUSED_FUNCTION = YES;
				GCC_WARN_UNUSED_VARIABLE = YES;
				IPHONEOS_DEPLOYMENT_TARGET = 9.3;
				MTL_ENABLE_DEBUG_INFO = YES;
				ONLY_ACTIVE_ARCH = YES;
				SDKROOT = iphoneos;
				SWIFT_OPTIMIZATION_LEVEL = "-Onone";
				TARGETED_DEVICE_FAMILY = "1,2";
			};
			name = Debug;
		};
		29BCE5D31D3DC665003B9ABB /* Release */ = {
			isa = XCBuildConfiguration;
			buildSettings = {
				ALWAYS_SEARCH_USER_PATHS = NO;
				CLANG_ANALYZER_NONNULL = YES;
				CLANG_CXX_LANGUAGE_STANDARD = "gnu++0x";
				CLANG_CXX_LIBRARY = "libc++";
				CLANG_ENABLE_MODULES = YES;
				CLANG_ENABLE_OBJC_ARC = YES;
				CLANG_WARN_BOOL_CONVERSION = YES;
				CLANG_WARN_CONSTANT_CONVERSION = YES;
				CLANG_WARN_DIRECT_OBJC_ISA_USAGE = YES_ERROR;
				CLANG_WARN_EMPTY_BODY = YES;
				CLANG_WARN_ENUM_CONVERSION = YES;
				CLANG_WARN_INT_CONVERSION = YES;
				CLANG_WARN_OBJC_ROOT_CLASS = YES_ERROR;
				CLANG_WARN_UNREACHABLE_CODE = YES;
				CLANG_WARN__DUPLICATE_METHOD_MATCH = YES;
				"CODE_SIGN_IDENTITY[sdk=iphoneos*]" = "iPhone Developer";
				COPY_PHASE_STRIP = NO;
				DEBUG_INFORMATION_FORMAT = "dwarf-with-dsym";
				ENABLE_NS_ASSERTIONS = NO;
				ENABLE_STRICT_OBJC_MSGSEND = YES;
				GCC_C_LANGUAGE_STANDARD = gnu99;
				GCC_NO_COMMON_BLOCKS = YES;
				GCC_WARN_64_TO_32_BIT_CONVERSION = YES;
				GCC_WARN_ABOUT_RETURN_TYPE = YES_ERROR;
				GCC_WARN_UNDECLARED_SELECTOR = YES;
				GCC_WARN_UNINITIALIZED_AUTOS = YES_AGGRESSIVE;
				GCC_WARN_UNUSED_FUNCTION = YES;
				GCC_WARN_UNUSED_VARIABLE = YES;
				IPHONEOS_DEPLOYMENT_TARGET = 9.3;
				MTL_ENABLE_DEBUG_INFO = NO;
				SDKROOT = iphoneos;
				TARGETED_DEVICE_FAMILY = "1,2";
				VALIDATE_PRODUCT = YES;
			};
			name = Release;
		};
		29BCE5D51D3DC665003B9ABB /* Debug */ = {
			isa = XCBuildConfiguration;
			buildSettings = {
				ASSETCATALOG_COMPILER_APPICON_NAME = AppIcon;
				INFOPLIST_FILE = SocialGlue/Info.plist;
				LD_RUNPATH_SEARCH_PATHS = "$(inherited) @executable_path/Frameworks";
				PRODUCT_BUNDLE_IDENTIFIER = jeff.yardley1975.SocialGlue;
				PRODUCT_NAME = "$(TARGET_NAME)";
			};
			name = Debug;
		};
		29BCE5D61D3DC665003B9ABB /* Release */ = {
			isa = XCBuildConfiguration;
			buildSettings = {
				ASSETCATALOG_COMPILER_APPICON_NAME = AppIcon;
				INFOPLIST_FILE = SocialGlue/Info.plist;
				LD_RUNPATH_SEARCH_PATHS = "$(inherited) @executable_path/Frameworks";
				PRODUCT_BUNDLE_IDENTIFIER = jeff.yardley1975.SocialGlue;
				PRODUCT_NAME = "$(TARGET_NAME)";
			};
			name = Release;
		};
/* End XCBuildConfiguration section */

/* Begin XCConfigurationList section */
		29BCE5BD1D3DC665003B9ABB /* Build configuration list for PBXProject "SocialGlue" */ = {
			isa = XCConfigurationList;
			buildConfigurations = (
				29BCE5D21D3DC665003B9ABB /* Debug */,
				29BCE5D31D3DC665003B9ABB /* Release */,
			);
			defaultConfigurationIsVisible = 0;
			defaultConfigurationName = Release;
		};
		29BCE5D41D3DC665003B9ABB /* Build configuration list for PBXNativeTarget "SocialGlue" */ = {
			isa = XCConfigurationList;
			buildConfigurations = (
				29BCE5D51D3DC665003B9ABB /* Debug */,
				29BCE5D61D3DC665003B9ABB /* Release */,
			);
			defaultConfigurationIsVisible = 0;
		};
/* End XCConfigurationList section */
	};
	rootObject = 29BCE5BA1D3DC665003B9ABB /* Project object */;
}
